{
  "name": "picodom",
  "version": "0.0.7",
  "lockfileVersion": 1,
  "dependencies": {
    "commander": {
      "version": "2.9.0",
      "resolved": "https://registry.npmjs.org/commander/-/commander-2.9.0.tgz",
      "integrity": "sha1-nJkJQXbhIkDLItbFFGCYQA/g99Q=",
      "dev": true
    },
    "graceful-readlink": {
      "version": "1.0.1",
      "resolved": "https://registry.npmjs.org/graceful-readlink/-/graceful-readlink-1.0.1.tgz",
      "integrity": "sha1-TK+tdrxi8C+gObL5Tpo906ORpyU=",
      "dev": true
    },
    "prettier": {
      "version": "1.4.4",
      "resolved": "https://registry.npmjs.org/prettier/-/prettier-1.4.4.tgz",
      "integrity": "sha512-GuuPazIvjW1DG26yLQgO+nagmRF/h9M4RaCtZWqu/eFW7csdZkQEwPJUeXX10d+LzmCnR9DuIZndqIOn3p2YoA==",
      "dev": true
    },
    "rollup": {
      "version": "0.42.0",
      "resolved": "https://registry.npmjs.org/rollup/-/rollup-0.42.0.tgz",
      "integrity": "sha1-VueRs6Lz3XGQu7gKN1Z18v4PmyM=",
      "dev": true
    },
    "rollup-plugin-uglify": {
      "version": "2.0.1",
      "resolved": "https://registry.npmjs.org/rollup-plugin-uglify/-/rollup-plugin-uglify-2.0.1.tgz",
      "integrity": "sha1-Z7N60e/a+9g69MNrQMGJ7khmyWk=",
      "dev": true
    },
    "source-map": {
      "version": "0.5.6",
      "resolved": "https://registry.npmjs.org/source-map/-/source-map-0.5.6.tgz",
      "integrity": "sha1-dc449SvwczxafwwRjYEzSiu19BI=",
      "dev": true
    },
    "source-map-support": {
      "version": "0.4.15",
      "resolved": "https://registry.npmjs.org/source-map-support/-/source-map-support-0.4.15.tgz",
      "integrity": "sha1-AyAt9lwG0r2MfsI2KhkwVv7407E=",
      "dev": true
    },
    "uglify-js": {
      "version": "3.0.15",
      "resolved": "https://registry.npmjs.org/uglify-js/-/uglify-js-3.0.15.tgz",
      "integrity": "sha1-qssyOoRrI0YCJw3q2KMkQaiAb0I=",
      "dev": true
    }
  }
}
